
Microsoft Visual Studio Solution File, Format Version 12.00
# Visual Studio Version 17
VisualStudioVersion = 17.14.36518.9 d17.14
MinimumVisualStudioVersion = 10.0.40219.1
Project("{FAE04EC0-301F-11D3-BF4B-00C04F79EFBC}") = "bai-1", "bai-1\bai-1.csproj", "{D545AA4F-A5F4-436A-BD45-EC1014018B10}"
EndProject
Project("{FAE04EC0-301F-11D3-BF4B-00C04F79EFBC}") = "bai-2", "bai-2\bai-2.csproj", "{F2CC87F7-ED4D-47AF-9135-455E5318CEDB}"
EndProject
Project("{FAE04EC0-301F-11D3-BF4B-00C04F79EFBC}") = "bai-3", "bai-3\bai-3.csproj", "{103554C6-A40B-4558-B2D3-D7DF93992793}"
EndProject
Global
	GlobalSection(SolutionConfigurationPlatforms) = preSolution
		Debug|Any CPU = Debug|Any CPU
		Release|Any CPU = Release|Any CPU
	EndGlobalSection
	GlobalSection(ProjectConfigurationPlatforms) = postSolution
		{D545AA4F-A5F4-436A-BD45-EC1014018B10}.Debug|Any CPU.ActiveCfg = Debug|Any CPU
		{D545AA4F-A5F4-436A-BD45-EC1014018B10}.Debug|Any CPU.Build.0 = Debug|Any CPU
		{D545AA4F-A5F4-436A-BD45-EC1014018B10}.Release|Any CPU.ActiveCfg = Release|Any CPU
		{D545AA4F-A5F4-436A-BD45-EC1014018B10}.Release|Any CPU.Build.0 = Release|Any CPU
		{F2CC87F7-ED4D-47AF-9135-455E5318CEDB}.Debug|Any CPU.ActiveCfg = Debug|Any CPU
		{F2CC87F7-ED4D-47AF-9135-455E5318CEDB}.Debug|Any CPU.Build.0 = Debug|Any CPU
		{F2CC87F7-ED4D-47AF-9135-455E5318CEDB}.Release|Any CPU.ActiveCfg = Release|Any CPU
		{F2CC87F7-ED4D-47AF-9135-455E5318CEDB}.Release|Any CPU.Build.0 = Release|Any CPU
		{103554C6-A40B-4558-B2D3-D7DF93992793}.Debug|Any CPU.ActiveCfg = Debug|Any CPU
		{103554C6-A40B-4558-B2D3-D7DF93992793}.Debug|Any CPU.Build.0 = Debug|Any CPU
		{103554C6-A40B-4558-B2D3-D7DF93992793}.Release|Any CPU.ActiveCfg = Release|Any CPU
		{103554C6-A40B-4558-B2D3-D7DF93992793}.Release|Any CPU.Build.0 = Release|Any CPU
	EndGlobalSection
	GlobalSection(SolutionProperties) = preSolution
		HideSolutionNode = FALSE
	EndGlobalSection
	GlobalSection(ExtensibilityGlobals) = postSolution
		SolutionGuid = {DB43B342-35FF-4903-B601-663AE0E2E152}
	EndGlobalSection
EndGlobal
