
Microsoft Visual Studio Solution File, Format Version 12.00
# Visual Studio Version 17
VisualStudioVersion = 17.14.36518.9 d17.14
MinimumVisualStudioVersion = 10.0.40219.1
Project("{FAE04EC0-301F-11D3-BF4B-00C04F79EFBC}") = "bai-1", "bai-1\bai-1.csproj", "{9CD8C82A-1323-4443-8271-67856A8ABDF3}"
EndProject
Project("{FAE04EC0-301F-11D3-BF4B-00C04F79EFBC}") = "bai-2", "bai-2\bai-2.csproj", "{D3CFE7C5-CC8D-495E-A1E7-5B6B94AD985A}"
EndProject
Project("{FAE04EC0-301F-11D3-BF4B-00C04F79EFBC}") = "bai-3", "bai-3\bai-3.csproj", "{2BCDE591-3C9F-4BAF-9922-395DDF5DADB8}"
EndProject
Global
	GlobalSection(SolutionConfigurationPlatforms) = preSolution
		Debug|Any CPU = Debug|Any CPU
		Release|Any CPU = Release|Any CPU
	EndGlobalSection
	GlobalSection(ProjectConfigurationPlatforms) = postSolution
		{9CD8C82A-1323-4443-8271-67856A8ABDF3}.Debug|Any CPU.ActiveCfg = Debug|Any CPU
		{9CD8C82A-1323-4443-8271-67856A8ABDF3}.Debug|Any CPU.Build.0 = Debug|Any CPU
		{9CD8C82A-1323-4443-8271-67856A8ABDF3}.Release|Any CPU.ActiveCfg = Release|Any CPU
		{9CD8C82A-1323-4443-8271-67856A8ABDF3}.Release|Any CPU.Build.0 = Release|Any CPU
		{D3CFE7C5-CC8D-495E-A1E7-5B6B94AD985A}.Debug|Any CPU.ActiveCfg = Debug|Any CPU
		{D3CFE7C5-CC8D-495E-A1E7-5B6B94AD985A}.Debug|Any CPU.Build.0 = Debug|Any CPU
		{D3CFE7C5-CC8D-495E-A1E7-5B6B94AD985A}.Release|Any CPU.ActiveCfg = Release|Any CPU
		{D3CFE7C5-CC8D-495E-A1E7-5B6B94AD985A}.Release|Any CPU.Build.0 = Release|Any CPU
		{2BCDE591-3C9F-4BAF-9922-395DDF5DADB8}.Debug|Any CPU.ActiveCfg = Debug|Any CPU
		{2BCDE591-3C9F-4BAF-9922-395DDF5DADB8}.Debug|Any CPU.Build.0 = Debug|Any CPU
		{2BCDE591-3C9F-4BAF-9922-395DDF5DADB8}.Release|Any CPU.ActiveCfg = Release|Any CPU
		{2BCDE591-3C9F-4BAF-9922-395DDF5DADB8}.Release|Any CPU.Build.0 = Release|Any CPU
	EndGlobalSection
	GlobalSection(SolutionProperties) = preSolution
		HideSolutionNode = FALSE
	EndGlobalSection
	GlobalSection(ExtensibilityGlobals) = postSolution
		SolutionGuid = {78BE2273-5CC3-4A3E-875E-E9B66629A080}
	EndGlobalSection
EndGlobal
